
Microsoft Visual Studio Solution File, Format Version 12.00
# Visual Studio Version 16
VisualStudioVersion = 16.0.31005.135
MinimumVisualStudioVersion = 10.0.40219.1
Project("{8BC9CEB8-8B4A-11D0-8D11-00A0C91BC942}") = "CS323-DZ04-AndrijanaJovanovic3918", "CS323-DZ04-AndrijanaJovanovic3918\CS323-DZ04-AndrijanaJovanovic3918.vcxproj", "{F0A37574-D8CB-414A-A626-45E0C94CA362}"
EndProject
Project("{8BC9CEB8-8B4A-11D0-8D11-00A0C91BC942}") = "CS323-DZ04-Zadatak39", "CS323-DZ04-Zadatak39\CS323-DZ04-Zadatak39.vcxproj", "{13EE7C08-6361-4AFB-AE9F-61FFD768D31F}"
EndProject
Global
	GlobalSection(SolutionConfigurationPlatforms) = preSolution
		Debug|x64 = Debug|x64
		Debug|x86 = Debug|x86
		Release|x64 = Release|x64
		Release|x86 = Release|x86
	EndGlobalSection
	GlobalSection(ProjectConfigurationPlatforms) = postSolution
		{F0A37574-D8CB-414A-A626-45E0C94CA362}.Debug|x64.ActiveCfg = Debug|x64
		{F0A37574-D8CB-414A-A626-45E0C94CA362}.Debug|x64.Build.0 = Debug|x64
		{F0A37574-D8CB-414A-A626-45E0C94CA362}.Debug|x86.ActiveCfg = Debug|Win32
		{F0A37574-D8CB-414A-A626-45E0C94CA362}.Debug|x86.Build.0 = Debug|Win32
		{F0A37574-D8CB-414A-A626-45E0C94CA362}.Release|x64.ActiveCfg = Release|x64
		{F0A37574-D8CB-414A-A626-45E0C94CA362}.Release|x64.Build.0 = Release|x64
		{F0A37574-D8CB-414A-A626-45E0C94CA362}.Release|x86.ActiveCfg = Release|Win32
		{F0A37574-D8CB-414A-A626-45E0C94CA362}.Release|x86.Build.0 = Release|Win32
		{13EE7C08-6361-4AFB-AE9F-61FFD768D31F}.Debug|x64.ActiveCfg = Debug|x64
		{13EE7C08-6361-4AFB-AE9F-61FFD768D31F}.Debug|x64.Build.0 = Debug|x64
		{13EE7C08-6361-4AFB-AE9F-61FFD768D31F}.Debug|x86.ActiveCfg = Debug|Win32
		{13EE7C08-6361-4AFB-AE9F-61FFD768D31F}.Debug|x86.Build.0 = Debug|Win32
		{13EE7C08-6361-4AFB-AE9F-61FFD768D31F}.Release|x64.ActiveCfg = Release|x64
		{13EE7C08-6361-4AFB-AE9F-61FFD768D31F}.Release|x64.Build.0 = Release|x64
		{13EE7C08-6361-4AFB-AE9F-61FFD768D31F}.Release|x86.ActiveCfg = Release|Win32
		{13EE7C08-6361-4AFB-AE9F-61FFD768D31F}.Release|x86.Build.0 = Release|Win32
	EndGlobalSection
	GlobalSection(SolutionProperties) = preSolution
		HideSolutionNode = FALSE
	EndGlobalSection
	GlobalSection(ExtensibilityGlobals) = postSolution
		SolutionGuid = {7B9F8B8C-410B-4D24-870E-BF0068A78FA7}
	EndGlobalSection
EndGlobal
